{
  "name": "@yoganataa/naru-agents",
  "version": "0.0.2",
  "lockfileVersion": 3,
  "requires": true,
  "packages": {
    "": {
      "name": "@yoganataa/naru-agents",
      "version": "0.0.2",
      "license": "MIT",
      "bin": {
        "naru": "bin/naru-agents.js",
        "naru-agents": "bin/naru-agents.js"
      },
      "devDependencies": {
        "marked": "^18.0.10"
      },
      "engines": {
        "bun": ">=1.0",
        "node": ">=18.0.0"
      }
    },
    "node_modules/marked": {
      "version": "18.0.10",
      "resolved": "https://registry.npmjs.org/marked/-/marked-18.0.10.tgz",
      "integrity": "sha512-FJeH4bRpYoXiggcgriCGItKCSv3xkngJc4QCZ/rkQCogU3VYaLxYJoZl8Nw/b4+x7iij/pd+09mZ6A1dXzpL0A==",
      "dev": true,
      "license": "MIT",
      "bin": {
        "marked": "bin/marked.js"
      },
      "engines": {
        "node": ">= 20"
      }
    }
  }
}
